// !$*UTF8*$!
{
	archiveVersion = 1;
	classes = {
	};
	objectVersion = 55;
	objects = {

/* Begin PBXBuildFile section */
		D064E94B2875AF6200DDD4B9 /* Computed_PropertiesApp.swift in Sources */ = {isa = PBXBuildFile; fileRef = D064E94A2875AF6200DDD4B9 /* Computed_PropertiesApp.swift */; };
		D064E94D2875AF6200DDD4B9 /* ContentView.swift in Sources */ = {isa = PBXBuildFile; fileRef = D064E94C2875AF6200DDD4B9 /* ContentView.swift */; };
		D064E94F2875AF6400DDD4B9 /* Assets.xcassets in Resources */ = {isa = PBXBuildFile; fileRef = D064E94E2875AF6400DDD4B9 /* Assets.xcassets */; };
		D064E9522875AF6400DDD4B9 /* Preview Assets.xcassets in Resources */ = {isa = PBXBuildFile; fileRef = D064E9512875AF6400DDD4B9 /* Preview Assets.xcassets */; };
		D064E95D2875AF6400DDD4B9 /* Computed_PropertiesTests.swift in Sources */ = {isa = PBXBuildFile; fileRef = D064E95C2875AF6400DDD4B9 /* Computed_PropertiesTests.swift */; };
		D064E9672875AF6400DDD4B9 /* Computed_PropertiesUITests.swift in Sources */ = {isa = PBXBuildFile; fileRef = D064E9662875AF6400DDD4B9 /* Computed_PropertiesUITests.swift */; };
		D064E9692875AF6400DDD4B9 /* Computed_PropertiesUITestsLaunchTests.swift in Sources */ = {isa = PBXBuildFile; fileRef = D064E9682875AF6400DDD4B9 /* Computed_PropertiesUITestsLaunchTests.swift */; };
/* End PBXBuildFile section */

/* Begin PBXContainerItemProxy section */
		D064E9592875AF6400DDD4B9 /* PBXContainerItemProxy */ = {
			isa = PBXContainerItemProxy;
			containerPortal = D064E93F2875AF6200DDD4B9 /* Project object */;
			proxyType = 1;
			remoteGlobalIDString = D064E9462875AF6200DDD4B9;
			remoteInfo = "Computed Properties";
		};
		D064E9632875AF6400DDD4B9 /* PBXContainerItemProxy */ = {
			isa = PBXContainerItemProxy;
			containerPortal = D064E93F2875AF6200DDD4B9 /* Project object */;
			proxyType = 1;
			remoteGlobalIDString = D064E9462875AF6200DDD4B9;
			remoteInfo = "Computed Properties";
		};
/* End PBXContainerItemProxy section */

/* Begin PBXFileReference section */
		D064E9472875AF6200DDD4B9 /* Computed Properties.app */ = {isa = PBXFileReference; explicitFileType = wrapper.application; includeInIndex = 0; path = "Computed Properties.app"; sourceTree = BUILT_PRODUCTS_DIR; };
		D064E94A2875AF6200DDD4B9 /* Computed_PropertiesApp.swift */ = {isa = PBXFileReference; lastKnownFileType = sourcecode.swift; path = Computed_PropertiesApp.swift; sourceTree = "<group>"; };
		D064E94C2875AF6200DDD4B9 /* ContentView.swift */ = {isa = PBXFileReference; lastKnownFileType = sourcecode.swift; path = ContentView.swift; sourceTree = "<group>"; };
		D064E94E2875AF6400DDD4B9 /* Assets.xcassets */ = {isa = PBXFileReference; lastKnownFileType = folder.assetcatalog; path = Assets.xcassets; sourceTree = "<group>"; };
		D064E9512875AF6400DDD4B9 /* Preview Assets.xcassets */ = {isa = PBXFileReference; lastKnownFileType = folder.assetcatalog; path = "Preview Assets.xcassets"; sourceTree = "<group>"; };
		D064E9532875AF6400DDD4B9 /* Computed_Properties.entitlements */ = {isa = PBXFileReference; lastKnownFileType = text.plist.entitlements; path = Computed_Properties.entitlements; sourceTree = "<group>"; };
		D064E9582875AF6400DDD4B9 /* Computed PropertiesTests.xctest */ = {isa = PBXFileReference; explicitFileType = wrapper.cfbundle; includeInIndex = 0; path = "Computed PropertiesTests.xctest"; sourceTree = BUILT_PRODUCTS_DIR; };
		D064E95C2875AF6400DDD4B9 /* Computed_PropertiesTests.swift */ = {isa = PBXFileReference; lastKnownFileType = sourcecode.swift; path = Computed_PropertiesTests.swift; sourceTree = "<group>"; };
		D064E9622875AF6400DDD4B9 /* Computed PropertiesUITests.xctest */ = {isa = PBXFileReference; explicitFileType = wrapper.cfbundle; includeInIndex = 0; path = "Computed PropertiesUITests.xctest"; sourceTree = BUILT_PRODUCTS_DIR; };
		D064E9662875AF6400DDD4B9 /* Computed_PropertiesUITests.swift */ = {isa = PBXFileReference; lastKnownFileType = sourcecode.swift; path = Computed_PropertiesUITests.swift; sourceTree = "<group>"; };
		D064E9682875AF6400DDD4B9 /* Computed_PropertiesUITestsLaunchTests.swift */ = {isa = PBXFileReference; lastKnownFileType = sourcecode.swift; path = Computed_PropertiesUITestsLaunchTests.swift; sourceTree = "<group>"; };
/* End PBXFileReference section */

/* Begin PBXFrameworksBuildPhase section */
		D064E9442875AF6200DDD4B9 /* Frameworks */ = {
			isa = PBXFrameworksBuildPhase;
			buildActionMask = 2147483647;
			files = (
			);
			runOnlyForDeploymentPostprocessing = 0;
		};
		D064E9552875AF6400DDD4B9 /* Frameworks */ = {
			isa = PBXFrameworksBuildPhase;
			buildActionMask = 2147483647;
			files = (
			);
			runOnlyForDeploymentPostprocessing = 0;
		};
		D064E95F2875AF6400DDD4B9 /* Frameworks */ = {
			isa = PBXFrameworksBuildPhase;
			buildActionMask = 2147483647;
			files = (
			);
			runOnlyForDeploymentPostprocessing = 0;
		};
/* End PBXFrameworksBuildPhase section */

/* Begin PBXGroup section */
		D064E93E2875AF6200DDD4B9 = {
			isa = PBXGroup;
			children = (
				D064E9492875AF6200DDD4B9 /* Computed Properties */,
				D064E95B2875AF6400DDD4B9 /* Computed PropertiesTests */,
				D064E9652875AF6400DDD4B9 /* Computed PropertiesUITests */,
				D064E9482875AF6200DDD4B9 /* Products */,
			);
			sourceTree = "<group>";
		};
		D064E9482875AF6200DDD4B9 /* Products */ = {
			isa = PBXGroup;
			children = (
				D064E9472875AF6200DDD4B9 /* Computed Properties.app */,
				D064E9582875AF6400DDD4B9 /* Computed PropertiesTests.xctest */,
				D064E9622875AF6400DDD4B9 /* Computed PropertiesUITests.xctest */,
			);
			name = Products;
			sourceTree = "<group>";
		};
		D064E9492875AF6200DDD4B9 /* Computed Properties */ = {
			isa = PBXGroup;
			children = (
				D064E94A2875AF6200DDD4B9 /* Computed_PropertiesApp.swift */,
				D064E94C2875AF6200DDD4B9 /* ContentView.swift */,
				D064E94E2875AF6400DDD4B9 /* Assets.xcassets */,
				D064E9532875AF6400DDD4B9 /* Computed_Properties.entitlements */,
				D064E9502875AF6400DDD4B9 /* Preview Content */,
			);
			path = "Computed Properties";
			sourceTree = "<group>";
		};
		D064E9502875AF6400DDD4B9 /* Preview Content */ = {
			isa = PBXGroup;
			children = (
				D064E9512875AF6400DDD4B9 /* Preview Assets.xcassets */,
			);
			path = "Preview Content";
			sourceTree = "<group>";
		};
		D064E95B2875AF6400DDD4B9 /* Computed PropertiesTests */ = {
			isa = PBXGroup;
			children = (
				D064E95C2875AF6400DDD4B9 /* Computed_PropertiesTests.swift */,
			);
			path = "Computed PropertiesTests";
			sourceTree = "<group>";
		};
		D064E9652875AF6400DDD4B9 /* Computed PropertiesUITests */ = {
			isa = PBXGroup;
			children = (
				D064E9662875AF6400DDD4B9 /* Computed_PropertiesUITests.swift */,
				D064E9682875AF6400DDD4B9 /* Computed_PropertiesUITestsLaunchTests.swift */,
			);
			path = "Computed PropertiesUITests";
			sourceTree = "<group>";
		};
/* End PBXGroup section */

/* Begin PBXNativeTarget section */
		D064E9462875AF6200DDD4B9 /* Computed Properties */ = {
			isa = PBXNativeTarget;
			buildConfigurationList = D064E96C2875AF6400DDD4B9 /* Build configuration list for PBXNativeTarget "Computed Properties" */;
			buildPhases = (
				D064E9432875AF6200DDD4B9 /* Sources */,
				D064E9442875AF6200DDD4B9 /* Frameworks */,
				D064E9452875AF6200DDD4B9 /* Resources */,
			);
			buildRules = (
			);
			dependencies = (
			);
			name = "Computed Properties";
			productName = "Computed Properties";
			productReference = D064E9472875AF6200DDD4B9 /* Computed Properties.app */;
			productType = "com.apple.product-type.application";
		};
		D064E9572875AF6400DDD4B9 /* Computed PropertiesTests */ = {
			isa = PBXNativeTarget;
			buildConfigurationList = D064E96F2875AF6400DDD4B9 /* Build configuration list for PBXNativeTarget "Computed PropertiesTests" */;
			buildPhases = (
				D064E9542875AF6400DDD4B9 /* Sources */,
				D064E9552875AF6400DDD4B9 /* Frameworks */,
				D064E9562875AF6400DDD4B9 /* Resources */,
			);
			buildRules = (
			);
			dependencies = (
				D064E95A2875AF6400DDD4B9 /* PBXTargetDependency */,
			);
			name = "Computed PropertiesTests";
			productName = "Computed PropertiesTests";
			productReference = D064E9582875AF6400DDD4B9 /* Computed PropertiesTests.xctest */;
			productType = "com.apple.product-type.bundle.unit-test";
		};
		D064E9612875AF6400DDD4B9 /* Computed PropertiesUITests */ = {
			isa = PBXNativeTarget;
			buildConfigurationList = D064E9722875AF6400DDD4B9 /* Build configuration list for PBXNativeTarget "Computed PropertiesUITests" */;
			buildPhases = (
				D064E95E2875AF6400DDD4B9 /* Sources */,
				D064E95F2875AF6400DDD4B9 /* Frameworks */,
				D064E9602875AF6400DDD4B9 /* Resources */,
			);
			buildRules = (
			);
			dependencies = (
				D064E9642875AF6400DDD4B9 /* PBXTargetDependency */,
			);
			name = "Computed PropertiesUITests";
			productName = "Computed PropertiesUITests";
			productReference = D064E9622875AF6400DDD4B9 /* Computed PropertiesUITests.xctest */;
			productType = "com.apple.product-type.bundle.ui-testing";
		};
/* End PBXNativeTarget section */

/* Begin PBXProject section */
		D064E93F2875AF6200DDD4B9 /* Project object */ = {
			isa = PBXProject;
			attributes = {
				BuildIndependentTargetsInParallel = 1;
				LastSwiftUpdateCheck = 1340;
				LastUpgradeCheck = 1340;
				TargetAttributes = {
					D064E9462875AF6200DDD4B9 = {
						CreatedOnToolsVersion = 13.4.1;
					};
					D064E9572875AF6400DDD4B9 = {
						CreatedOnToolsVersion = 13.4.1;
						TestTargetID = D064E9462875AF6200DDD4B9;
					};
					D064E9612875AF6400DDD4B9 = {
						CreatedOnToolsVersion = 13.4.1;
						TestTargetID = D064E9462875AF6200DDD4B9;
					};
				};
			};
			buildConfigurationList = D064E9422875AF6200DDD4B9 /* Build configuration list for PBXProject "Computed Properties" */;
			compatibilityVersion = "Xcode 13.0";
			developmentRegion = en;
			hasScannedForEncodings = 0;
			knownRegions = (
				en,
				Base,
			);
			mainGroup = D064E93E2875AF6200DDD4B9;
			productRefGroup = D064E9482875AF6200DDD4B9 /* Products */;
			projectDirPath = "";
			projectRoot = "";
			targets = (
				D064E9462875AF6200DDD4B9 /* Computed Properties */,
				D064E9572875AF6400DDD4B9 /* Computed PropertiesTests */,
				D064E9612875AF6400DDD4B9 /* Computed PropertiesUITests */,
			);
		};
/* End PBXProject section */

/* Begin PBXResourcesBuildPhase section */
		D064E9452875AF6200DDD4B9 /* Resources */ = {
			isa = PBXResourcesBuildPhase;
			buildActionMask = 2147483647;
			files = (
				D064E9522875AF6400DDD4B9 /* Preview Assets.xcassets in Resources */,
				D064E94F2875AF6400DDD4B9 /* Assets.xcassets in Resources */,
			);
			runOnlyForDeploymentPostprocessing = 0;
		};
		D064E9562875AF6400DDD4B9 /* Resources */ = {
			isa = PBXResourcesBuildPhase;
			buildActionMask = 2147483647;
			files = (
			);
			runOnlyForDeploymentPostprocessing = 0;
		};
		D064E9602875AF6400DDD4B9 /* Resources */ = {
			isa = PBXResourcesBuildPhase;
			buildActionMask = 2147483647;
			files = (
			);
			runOnlyForDeploymentPostprocessing = 0;
		};
/* End PBXResourcesBuildPhase section */

/* Begin PBXSourcesBuildPhase section */
		D064E9432875AF6200DDD4B9 /* Sources */ = {
			isa = PBXSourcesBuildPhase;
			buildActionMask = 2147483647;
			files = (
				D064E94D2875AF6200DDD4B9 /* ContentView.swift in Sources */,
				D064E94B2875AF6200DDD4B9 /* Computed_PropertiesApp.swift in Sources */,
			);
			runOnlyForDeploymentPostprocessing = 0;
		};
		D064E9542875AF6400DDD4B9 /* Sources */ = {
			isa = PBXSourcesBuildPhase;
			buildActionMask = 2147483647;
			files = (
				D064E95D2875AF6400DDD4B9 /* Computed_PropertiesTests.swift in Sources */,
			);
			runOnlyForDeploymentPostprocessing = 0;
		};
		D064E95E2875AF6400DDD4B9 /* Sources */ = {
			isa = PBXSourcesBuildPhase;
			buildActionMask = 2147483647;
			files = (
				D064E9692875AF6400DDD4B9 /* Computed_PropertiesUITestsLaunchTests.swift in Sources */,
				D064E9672875AF6400DDD4B9 /* Computed_PropertiesUITests.swift in Sources */,
			);
			runOnlyForDeploymentPostprocessing = 0;
		};
/* End PBXSourcesBuildPhase section */

/* Begin PBXTargetDependency section */
		D064E95A2875AF6400DDD4B9 /* PBXTargetDependency */ = {
			isa = PBXTargetDependency;
			target = D064E9462875AF6200DDD4B9 /* Computed Properties */;
			targetProxy = D064E9592875AF6400DDD4B9 /* PBXContainerItemProxy */;
		};
		D064E9642875AF6400DDD4B9 /* PBXTargetDependency */ = {
			isa = PBXTargetDependency;
			target = D064E9462875AF6200DDD4B9 /* Computed Properties */;
			targetProxy = D064E9632875AF6400DDD4B9 /* PBXContainerItemProxy */;
		};
/* End PBXTargetDependency section */

/* Begin XCBuildConfiguration section */
		D064E96A2875AF6400DDD4B9 /* Debug */ = {
			isa = XCBuildConfiguration;
			buildSettings = {
				ALWAYS_SEARCH_USER_PATHS = NO;
				CLANG_ANALYZER_NONNULL = YES;
				CLANG_ANALYZER_NUMBER_OBJECT_CONVERSION = YES_AGGRESSIVE;
				CLANG_CXX_LANGUAGE_STANDARD = "gnu++17";
				CLANG_ENABLE_MODULES = YES;
				CLANG_ENABLE_OBJC_ARC = YES;
				CLANG_ENABLE_OBJC_WEAK = YES;
				CLANG_WARN_BLOCK_CAPTURE_AUTORELEASING = YES;
				CLANG_WARN_BOOL_CONVERSION = YES;
				CLANG_WARN_COMMA = YES;
				CLANG_WARN_CONSTANT_CONVERSION = YES;
				CLANG_WARN_DEPRECATED_OBJC_IMPLEMENTATIONS = YES;
				CLANG_WARN_DIRECT_OBJC_ISA_USAGE = YES_ERROR;
				CLANG_WARN_DOCUMENTATION_COMMENTS = YES;
				CLANG_WARN_EMPTY_BODY = YES;
				CLANG_WARN_ENUM_CONVERSION = YES;
				CLANG_WARN_INFINITE_RECURSION = YES;
				CLANG_WARN_INT_CONVERSION = YES;
				CLANG_WARN_NON_LITERAL_NULL_CONVERSION = YES;
				CLANG_WARN_OBJC_IMPLICIT_RETAIN_SELF = YES;
				CLANG_WARN_OBJC_LITERAL_CONVERSION = YES;
				CLANG_WARN_OBJC_ROOT_CLASS = YES_ERROR;
				CLANG_WARN_QUOTED_INCLUDE_IN_FRAMEWORK_HEADER = YES;
				CLANG_WARN_RANGE_LOOP_ANALYSIS = YES;
				CLANG_WARN_STRICT_PROTOTYPES = YES;
				CLANG_WARN_SUSPICIOUS_MOVE = YES;
				CLANG_WARN_UNGUARDED_AVAILABILITY = YES_AGGRESSIVE;
				CLANG_WARN_UNREACHABLE_CODE = YES;
				CLANG_WARN__DUPLICATE_METHOD_MATCH = YES;
				COPY_PHASE_STRIP = NO;
				DEBUG_INFORMATION_FORMAT = dwarf;
				ENABLE_STRICT_OBJC_MSGSEND = YES;
				ENABLE_TESTABILITY = YES;
				GCC_C_LANGUAGE_STANDARD = gnu11;
				GCC_DYNAMIC_NO_PIC = NO;
				GCC_NO_COMMON_BLOCKS = YES;
				GCC_OPTIMIZATION_LEVEL = 0;
				GCC_PREPROCESSOR_DEFINITIONS = (
					"DEBUG=1",
					"$(inherited)",
				);
				GCC_WARN_64_TO_32_BIT_CONVERSION = YES;
				GCC_WARN_ABOUT_RETURN_TYPE = YES_ERROR;
				GCC_WARN_UNDECLARED_SELECTOR = YES;
				GCC_WARN_UNINITIALIZED_AUTOS = YES_AGGRESSIVE;
				GCC_WARN_UNUSED_FUNCTION = YES;
				GCC_WARN_UNUSED_VARIABLE = YES;
				MACOSX_DEPLOYMENT_TARGET = 12.3;
				MTL_ENABLE_DEBUG_INFO = INCLUDE_SOURCE;
				MTL_FAST_MATH = YES;
				ONLY_ACTIVE_ARCH = YES;
				SDKROOT = macosx;
				SWIFT_ACTIVE_COMPILATION_CONDITIONS = DEBUG;
				SWIFT_OPTIMIZATION_LEVEL = "-Onone";
			};
			name = Debug;
		};
		D064E96B2875AF6400DDD4B9 /* Release */ = {
			isa = XCBuildConfiguration;
			buildSettings = {
				ALWAYS_SEARCH_USER_PATHS = NO;
				CLANG_ANALYZER_NONNULL = YES;
				CLANG_ANALYZER_NUMBER_OBJECT_CONVERSION = YES_AGGRESSIVE;
				CLANG_CXX_LANGUAGE_STANDARD = "gnu++17";
				CLANG_ENABLE_MODULES = YES;
				CLANG_ENABLE_OBJC_ARC = YES;
				CLANG_ENABLE_OBJC_WEAK = YES;
				CLANG_WARN_BLOCK_CAPTURE_AUTORELEASING = YES;
				CLANG_WARN_BOOL_CONVERSION = YES;
				CLANG_WARN_COMMA = YES;
				CLANG_WARN_CONSTANT_CONVERSION = YES;
				CLANG_WARN_DEPRECATED_OBJC_IMPLEMENTATIONS = YES;
				CLANG_WARN_DIRECT_OBJC_ISA_USAGE = YES_ERROR;
				CLANG_WARN_DOCUMENTATION_COMMENTS = YES;
				CLANG_WARN_EMPTY_BODY = YES;
				CLANG_WARN_ENUM_CONVERSION = YES;
				CLANG_WARN_INFINITE_RECURSION = YES;
				CLANG_WARN_INT_CONVERSION = YES;
				CLANG_WARN_NON_LITERAL_NULL_CONVERSION = YES;
				CLANG_WARN_OBJC_IMPLICIT_RETAIN_SELF = YES;
				CLANG_WARN_OBJC_LITERAL_CONVERSION = YES;
				CLANG_WARN_OBJC_ROOT_CLASS = YES_ERROR;
				CLANG_WARN_QUOTED_INCLUDE_IN_FRAMEWORK_HEADER = YES;
				CLANG_WARN_RANGE_LOOP_ANALYSIS = YES;
				CLANG_WARN_STRICT_PROTOTYPES = YES;
				CLANG_WARN_SUSPICIOUS_MOVE = YES;
				CLANG_WARN_UNGUARDED_AVAILABILITY = YES_AGGRESSIVE;
				CLANG_WARN_UNREACHABLE_CODE = YES;
				CLANG_WARN__DUPLICATE_METHOD_MATCH = YES;
				COPY_PHASE_STRIP = NO;
				DEBUG_INFORMATION_FORMAT = "dwarf-with-dsym";
				ENABLE_NS_ASSERTIONS = NO;
				ENABLE_STRICT_OBJC_MSGSEND = YES;
				GCC_C_LANGUAGE_STANDARD = gnu11;
				GCC_NO_COMMON_BLOCKS = YES;
				GCC_WARN_64_TO_32_BIT_CONVERSION = YES;
				GCC_WARN_ABOUT_RETURN_TYPE = YES_ERROR;
				GCC_WARN_UNDECLARED_SELECTOR = YES;
				GCC_WARN_UNINITIALIZED_AUTOS = YES_AGGRESSIVE;
				GCC_WARN_UNUSED_FUNCTION = YES;
				GCC_WARN_UNUSED_VARIABLE = YES;
				MACOSX_DEPLOYMENT_TARGET = 12.3;
				MTL_ENABLE_DEBUG_INFO = NO;
				MTL_FAST_MATH = YES;
				SDKROOT = macosx;
				SWIFT_COMPILATION_MODE = wholemodule;
				SWIFT_OPTIMIZATION_LEVEL = "-O";
			};
			name = Release;
		};
		D064E96D2875AF6400DDD4B9 /* Debug */ = {
			isa = XCBuildConfiguration;
			buildSettings = {
				ASSETCATALOG_COMPILER_APPICON_NAME = AppIcon;
				ASSETCATALOG_COMPILER_GLOBAL_ACCENT_COLOR_NAME = AccentColor;
				CODE_SIGN_ENTITLEMENTS = "Computed Properties/Computed_Properties.entitlements";
				CODE_SIGN_STYLE = Automatic;
				COMBINE_HIDPI_IMAGES = YES;
				CURRENT_PROJECT_VERSION = 1;
				DEVELOPMENT_ASSET_PATHS = "\"Computed Properties/Preview Content\"";
				ENABLE_PREVIEWS = YES;
				GENERATE_INFOPLIST_FILE = YES;
				INFOPLIST_KEY_NSHumanReadableCopyright = "";
				LD_RUNPATH_SEARCH_PATHS = (
					"$(inherited)",
					"@executable_path/../Frameworks",
				);
				MARKETING_VERSION = 1.0;
				PRODUCT_BUNDLE_IDENTIFIER = "int.Computed-Properties";
				PRODUCT_NAME = "$(TARGET_NAME)";
				SWIFT_EMIT_LOC_STRINGS = YES;
				SWIFT_VERSION = 5.0;
			};
			name = Debug;
		};
		D064E96E2875AF6400DDD4B9 /* Release */ = {
			isa = XCBuildConfiguration;
			buildSettings = {
				ASSETCATALOG_COMPILER_APPICON_NAME = AppIcon;
				ASSETCATALOG_COMPILER_GLOBAL_ACCENT_COLOR_NAME = AccentColor;
				CODE_SIGN_ENTITLEMENTS = "Computed Properties/Computed_Properties.entitlements";
				CODE_SIGN_STYLE = Automatic;
				COMBINE_HIDPI_IMAGES = YES;
				CURRENT_PROJECT_VERSION = 1;
				DEVELOPMENT_ASSET_PATHS = "\"Computed Properties/Preview Content\"";
				ENABLE_PREVIEWS = YES;
				GENERATE_INFOPLIST_FILE = YES;
				INFOPLIST_KEY_NSHumanReadableCopyright = "";
				LD_RUNPATH_SEARCH_PATHS = (
					"$(inherited)",
					"@executable_path/../Frameworks",
				);
				MARKETING_VERSION = 1.0;
				PRODUCT_BUNDLE_IDENTIFIER = "int.Computed-Properties";
				PRODUCT_NAME = "$(TARGET_NAME)";
				SWIFT_EMIT_LOC_STRINGS = YES;
				SWIFT_VERSION = 5.0;
			};
			name = Release;
		};
		D064E9702875AF6400DDD4B9 /* Debug */ = {
			isa = XCBuildConfiguration;
			buildSettings = {
				ALWAYS_EMBED_SWIFT_STANDARD_LIBRARIES = YES;
				BUNDLE_LOADER = "$(TEST_HOST)";
				CODE_SIGN_STYLE = Automatic;
				CURRENT_PROJECT_VERSION = 1;
				GENERATE_INFOPLIST_FILE = YES;
				MACOSX_DEPLOYMENT_TARGET = 12.3;
				MARKETING_VERSION = 1.0;
				PRODUCT_BUNDLE_IDENTIFIER = "int.Computed-PropertiesTests";
				PRODUCT_NAME = "$(TARGET_NAME)";
				SWIFT_EMIT_LOC_STRINGS = NO;
				SWIFT_VERSION = 5.0;
				TEST_HOST = "$(BUILT_PRODUCTS_DIR)/Computed Properties.app/Contents/MacOS/Computed Properties";
			};
			name = Debug;
		};
		D064E9712875AF6400DDD4B9 /* Release */ = {
			isa = XCBuildConfiguration;
			buildSettings = {
				ALWAYS_EMBED_SWIFT_STANDARD_LIBRARIES = YES;
				BUNDLE_LOADER = "$(TEST_HOST)";
				CODE_SIGN_STYLE = Automatic;
				CURRENT_PROJECT_VERSION = 1;
				GENERATE_INFOPLIST_FILE = YES;
				MACOSX_DEPLOYMENT_TARGET = 12.3;
				MARKETING_VERSION = 1.0;
				PRODUCT_BUNDLE_IDENTIFIER = "int.Computed-PropertiesTests";
				PRODUCT_NAME = "$(TARGET_NAME)";
				SWIFT_EMIT_LOC_STRINGS = NO;
				SWIFT_VERSION = 5.0;
				TEST_HOST = "$(BUILT_PRODUCTS_DIR)/Computed Properties.app/Contents/MacOS/Computed Properties";
			};
			name = Release;
		};
		D064E9732875AF6400DDD4B9 /* Debug */ = {
			isa = XCBuildConfiguration;
			buildSettings = {
				ALWAYS_EMBED_SWIFT_STANDARD_LIBRARIES = YES;
				CODE_SIGN_STYLE = Automatic;
				CURRENT_PROJECT_VERSION = 1;
				GENERATE_INFOPLIST_FILE = YES;
				MARKETING_VERSION = 1.0;
				PRODUCT_BUNDLE_IDENTIFIER = "int.Computed-PropertiesUITests";
				PRODUCT_NAME = "$(TARGET_NAME)";
				SWIFT_EMIT_LOC_STRINGS = NO;
				SWIFT_VERSION = 5.0;
				TEST_TARGET_NAME = "Computed Properties";
			};
			name = Debug;
		};
		D064E9742875AF6400DDD4B9 /* Release */ = {
			isa = XCBuildConfiguration;
			buildSettings = {
				ALWAYS_EMBED_SWIFT_STANDARD_LIBRARIES = YES;
				CODE_SIGN_STYLE = Automatic;
				CURRENT_PROJECT_VERSION = 1;
				GENERATE_INFOPLIST_FILE = YES;
				MARKETING_VERSION = 1.0;
				PRODUCT_BUNDLE_IDENTIFIER = "int.Computed-PropertiesUITests";
				PRODUCT_NAME = "$(TARGET_NAME)";
				SWIFT_EMIT_LOC_STRINGS = NO;
				SWIFT_VERSION = 5.0;
				TEST_TARGET_NAME = "Computed Properties";
			};
			name = Release;
		};
/* End XCBuildConfiguration section */

/* Begin XCConfigurationList section */
		D064E9422875AF6200DDD4B9 /* Build configuration list for PBXProject "Computed Properties" */ = {
			isa = XCConfigurationList;
			buildConfigurations = (
				D064E96A2875AF6400DDD4B9 /* Debug */,
				D064E96B2875AF6400DDD4B9 /* Release */,
			);
			defaultConfigurationIsVisible = 0;
			defaultConfigurationName = Release;
		};
		D064E96C2875AF6400DDD4B9 /* Build configuration list for PBXNativeTarget "Computed Properties" */ = {
			isa = XCConfigurationList;
			buildConfigurations = (
				D064E96D2875AF6400DDD4B9 /* Debug */,
				D064E96E2875AF6400DDD4B9 /* Release */,
			);
			defaultConfigurationIsVisible = 0;
			defaultConfigurationName = Release;
		};
		D064E96F2875AF6400DDD4B9 /* Build configuration list for PBXNativeTarget "Computed PropertiesTests" */ = {
			isa = XCConfigurationList;
			buildConfigurations = (
				D064E9702875AF6400DDD4B9 /* Debug */,
				D064E9712875AF6400DDD4B9 /* Release */,
			);
			defaultConfigurationIsVisible = 0;
			defaultConfigurationName = Release;
		};
		D064E9722875AF6400DDD4B9 /* Build configuration list for PBXNativeTarget "Computed PropertiesUITests" */ = {
			isa = XCConfigurationList;
			buildConfigurations = (
				D064E9732875AF6400DDD4B9 /* Debug */,
				D064E9742875AF6400DDD4B9 /* Release */,
			);
			defaultConfigurationIsVisible = 0;
			defaultConfigurationName = Release;
		};
/* End XCConfigurationList section */
	};
	rootObject = D064E93F2875AF6200DDD4B9 /* Project object */;
}
